
Microsoft Visual Studio Solution File, Format Version 12.00
# Visual Studio Version 16
Project("{2150E333-8FDC-42A3-9474-1A3956D46DE8}") = "Services", "Services", "{E08D84E3-8DE7-4FF0-86D7-A02C2FD114C6}"
EndProject
Project("{2150E333-8FDC-42A3-9474-1A3956D46DE8}") = "Catalog", "Catalog", "{C4478384-822E-4BA5-9DB5-EB553DD14BB6}"
EndProject
Project("{FAE04EC0-301F-11D3-BF4B-00C04F79EFBC}") = "FreeCourse.Services.Catalog", "Services\Catalog\FreeCourse.Services.Catalog\FreeCourse.Services.Catalog.csproj", "{5A6C549F-DF1F-4956-8A26-59F69627B324}"
EndProject
Project("{2150E333-8FDC-42A3-9474-1A3956D46DE8}") = "Solution Items", "Solution Items", "{B1648D31-028D-42B7-B3C8-78B18AC02D70}"
EndProject
Project("{2150E333-8FDC-42A3-9474-1A3956D46DE8}") = "Shared", "Shared", "{BE5B4FC1-479A-4F8A-A4D7-E5C2F8B61811}"
EndProject
Project("{FAE04EC0-301F-11D3-BF4B-00C04F79EFBC}") = "UdemyClone.Shared", "Shared\UdemyClone.Shared\UdemyClone.Shared.csproj", "{1337CC5A-AB5F-499B-9FF8-D5C3AA4489DE}"
EndProject
Project("{2150E333-8FDC-42A3-9474-1A3956D46DE8}") = "PhotoStock", "PhotoStock", "{113D99A8-7B8A-49C2-B88F-40C03B8CFAF7}"
EndProject
Project("{FAE04EC0-301F-11D3-BF4B-00C04F79EFBC}") = "UdemyClone.Services.PhotoStock", "Services\Services\PhotoStock\UdemyClone.Services.PhotoStock\UdemyClone.Services.PhotoStock.csproj", "{81647AD1-0A1E-44F7-94CA-C8EEA76A3C61}"
EndProject
Project("{2150E333-8FDC-42A3-9474-1A3956D46DE8}") = "Cart", "Cart", "{0E05C3EA-70FC-48FC-9C7B-F529325CA248}"
EndProject
Project("{FAE04EC0-301F-11D3-BF4B-00C04F79EFBC}") = "UdemyClone.Services.Cart", "Services\Cart\UdemyClone.Services.Cart\UdemyClone.Services.Cart.csproj", "{509A237B-44B4-4F9A-9803-517E2D8740BB}"
EndProject
Project("{2150E333-8FDC-42A3-9474-1A3956D46DE8}") = "IdentityServer", "IdentityServer", "{2A72AA69-6424-41DB-9A11-A84540199EA4}"
EndProject
Project("{FAE04EC0-301F-11D3-BF4B-00C04F79EFBC}") = "UdemyClone.IdentityServer", "IdentityServer\UdemyClone.IdentityServer\UdemyClone.IdentityServer.csproj", "{CD833109-BCED-44F1-8D54-5E3BE3F2CF0D}"
EndProject
Project("{2150E333-8FDC-42A3-9474-1A3956D46DE8}") = "Discount", "Discount", "{1B454E50-407A-4A60-B994-9DC201B4C447}"
EndProject
Project("{FAE04EC0-301F-11D3-BF4B-00C04F79EFBC}") = "UdemyClone.Services.Discount", "Services\Discount\UdemyClone.Services.Discount\UdemyClone.Services.Discount.csproj", "{E6476116-7C08-4692-8253-55497E371A01}"
EndProject
Global
	GlobalSection(SolutionConfigurationPlatforms) = preSolution
		Debug|Any CPU = Debug|Any CPU
		Release|Any CPU = Release|Any CPU
	EndGlobalSection
	GlobalSection(NestedProjects) = preSolution
		{C4478384-822E-4BA5-9DB5-EB553DD14BB6} = {E08D84E3-8DE7-4FF0-86D7-A02C2FD114C6}
		{5A6C549F-DF1F-4956-8A26-59F69627B324} = {C4478384-822E-4BA5-9DB5-EB553DD14BB6}
		{1337CC5A-AB5F-499B-9FF8-D5C3AA4489DE} = {BE5B4FC1-479A-4F8A-A4D7-E5C2F8B61811}
		{113D99A8-7B8A-49C2-B88F-40C03B8CFAF7} = {E08D84E3-8DE7-4FF0-86D7-A02C2FD114C6}
		{81647AD1-0A1E-44F7-94CA-C8EEA76A3C61} = {113D99A8-7B8A-49C2-B88F-40C03B8CFAF7}
		{0E05C3EA-70FC-48FC-9C7B-F529325CA248} = {E08D84E3-8DE7-4FF0-86D7-A02C2FD114C6}
		{509A237B-44B4-4F9A-9803-517E2D8740BB} = {0E05C3EA-70FC-48FC-9C7B-F529325CA248}
		{CD833109-BCED-44F1-8D54-5E3BE3F2CF0D} = {2A72AA69-6424-41DB-9A11-A84540199EA4}
		{1B454E50-407A-4A60-B994-9DC201B4C447} = {E08D84E3-8DE7-4FF0-86D7-A02C2FD114C6}
		{E6476116-7C08-4692-8253-55497E371A01} = {1B454E50-407A-4A60-B994-9DC201B4C447}
	EndGlobalSection
	GlobalSection(ProjectConfigurationPlatforms) = postSolution
		{5A6C549F-DF1F-4956-8A26-59F69627B324}.Debug|Any CPU.ActiveCfg = Debug|Any CPU
		{5A6C549F-DF1F-4956-8A26-59F69627B324}.Debug|Any CPU.Build.0 = Debug|Any CPU
		{5A6C549F-DF1F-4956-8A26-59F69627B324}.Release|Any CPU.ActiveCfg = Release|Any CPU
		{5A6C549F-DF1F-4956-8A26-59F69627B324}.Release|Any CPU.Build.0 = Release|Any CPU
		{1337CC5A-AB5F-499B-9FF8-D5C3AA4489DE}.Debug|Any CPU.ActiveCfg = Debug|Any CPU
		{1337CC5A-AB5F-499B-9FF8-D5C3AA4489DE}.Debug|Any CPU.Build.0 = Debug|Any CPU
		{1337CC5A-AB5F-499B-9FF8-D5C3AA4489DE}.Release|Any CPU.ActiveCfg = Release|Any CPU
		{1337CC5A-AB5F-499B-9FF8-D5C3AA4489DE}.Release|Any CPU.Build.0 = Release|Any CPU
		{81647AD1-0A1E-44F7-94CA-C8EEA76A3C61}.Debug|Any CPU.ActiveCfg = Debug|Any CPU
		{81647AD1-0A1E-44F7-94CA-C8EEA76A3C61}.Debug|Any CPU.Build.0 = Debug|Any CPU
		{81647AD1-0A1E-44F7-94CA-C8EEA76A3C61}.Release|Any CPU.ActiveCfg = Release|Any CPU
		{81647AD1-0A1E-44F7-94CA-C8EEA76A3C61}.Release|Any CPU.Build.0 = Release|Any CPU
		{509A237B-44B4-4F9A-9803-517E2D8740BB}.Debug|Any CPU.ActiveCfg = Debug|Any CPU
		{509A237B-44B4-4F9A-9803-517E2D8740BB}.Debug|Any CPU.Build.0 = Debug|Any CPU
		{509A237B-44B4-4F9A-9803-517E2D8740BB}.Release|Any CPU.ActiveCfg = Release|Any CPU
		{509A237B-44B4-4F9A-9803-517E2D8740BB}.Release|Any CPU.Build.0 = Release|Any CPU
		{CD833109-BCED-44F1-8D54-5E3BE3F2CF0D}.Debug|Any CPU.ActiveCfg = Debug|Any CPU
		{CD833109-BCED-44F1-8D54-5E3BE3F2CF0D}.Debug|Any CPU.Build.0 = Debug|Any CPU
		{CD833109-BCED-44F1-8D54-5E3BE3F2CF0D}.Release|Any CPU.ActiveCfg = Release|Any CPU
		{CD833109-BCED-44F1-8D54-5E3BE3F2CF0D}.Release|Any CPU.Build.0 = Release|Any CPU
		{E6476116-7C08-4692-8253-55497E371A01}.Debug|Any CPU.ActiveCfg = Debug|Any CPU
		{E6476116-7C08-4692-8253-55497E371A01}.Debug|Any CPU.Build.0 = Debug|Any CPU
		{E6476116-7C08-4692-8253-55497E371A01}.Release|Any CPU.ActiveCfg = Release|Any CPU
		{E6476116-7C08-4692-8253-55497E371A01}.Release|Any CPU.Build.0 = Release|Any CPU
	EndGlobalSection
EndGlobal
